
Microsoft Visual Studio Solution File, Format Version 12.00
# Visual Studio Version 17
VisualStudioVersion = 17.14.36616.10 d17.14
MinimumVisualStudioVersion = 10.0.40219.1
Project("{FAE04EC0-301F-11D3-BF4B-00C04F79EFBC}") = "8080 CPU", "8080 CPU.csproj", "{A7708F65-21D5-4F1F-A890-DCFC3589EFEE}"
EndProject
Global
	GlobalSection(SolutionConfigurationPlatforms) = preSolution
		Debug|Any CPU = Debug|Any CPU
		Release|Any CPU = Release|Any CPU
	EndGlobalSection
	GlobalSection(ProjectConfigurationPlatforms) = postSolution
		{A7708F65-21D5-4F1F-A890-DCFC3589EFEE}.Debug|Any CPU.ActiveCfg = Debug|Any CPU
		{A7708F65-21D5-4F1F-A890-DCFC3589EFEE}.Debug|Any CPU.Build.0 = Debug|Any CPU
		{A7708F65-21D5-4F1F-A890-DCFC3589EFEE}.Release|Any CPU.ActiveCfg = Release|Any CPU
		{A7708F65-21D5-4F1F-A890-DCFC3589EFEE}.Release|Any CPU.Build.0 = Release|Any CPU
	EndGlobalSection
	GlobalSection(SolutionProperties) = preSolution
		HideSolutionNode = FALSE
	EndGlobalSection
	GlobalSection(ExtensibilityGlobals) = postSolution
		SolutionGuid = {3261D783-5A35-4F50-97FD-DB77C477A32C}
	EndGlobalSection
EndGlobal
